// !$*UTF8*$!
{
	archiveVersion = 1;
	classes = {
	};
	objectVersion = 50;
	objects = {

/* Begin PBXBuildFile section */
		34E0EA3626CA279300B5902B /* DeCacheObjc.framework in Frameworks */ = {isa = PBXBuildFile; fileRef = 34E0EA2C26CA279300B5902B /* DeCacheObjc.framework */; };
		34E0EA3B26CA279300B5902B /* DeCacheObjcTests.m in Sources */ = {isa = PBXBuildFile; fileRef = 34E0EA3A26CA279300B5902B /* DeCacheObjcTests.m */; };
		34E0EA3D26CA279300B5902B /* DeCacheObjc.h in Headers */ = {isa = PBXBuildFile; fileRef = 34E0EA2F26CA279300B5902B /* DeCacheObjc.h */; settings = {ATTRIBUTES = (Public, ); }; };
		34E0EA4A26CA27FB00B5902B /* DeCache.h in Headers */ = {isa = PBXBuildFile; fileRef = 34E0EA4826CA27FB00B5902B /* DeCache.h */; settings = {ATTRIBUTES = (Public, ); }; };
		34E0EA4B26CA27FB00B5902B /* DeCache.m in Sources */ = {isa = PBXBuildFile; fileRef = 34E0EA4926CA27FB00B5902B /* DeCache.m */; };
		34E0EA4F26CA281E00B5902B /* Store.h in Headers */ = {isa = PBXBuildFile; fileRef = 34E0EA4E26CA281E00B5902B /* Store.h */; };
		34E0EA5626CA29A900B5902B /* LocalStore.h in Headers */ = {isa = PBXBuildFile; fileRef = 34E0EA5426CA29A900B5902B /* LocalStore.h */; };
		34E0EA5726CA29A900B5902B /* LocalStore.m in Sources */ = {isa = PBXBuildFile; fileRef = 34E0EA5526CA29A900B5902B /* LocalStore.m */; };
/* End PBXBuildFile section */

/* Begin PBXContainerItemProxy section */
		34E0EA3726CA279300B5902B /* PBXContainerItemProxy */ = {
			isa = PBXContainerItemProxy;
			containerPortal = 34E0EA2326CA279300B5902B /* Project object */;
			proxyType = 1;
			remoteGlobalIDString = 34E0EA2B26CA279300B5902B;
			remoteInfo = DeCacheObjc;
		};
/* End PBXContainerItemProxy section */

/* Begin PBXFileReference section */
		34E0EA2C26CA279300B5902B /* DeCacheObjc.framework */ = {isa = PBXFileReference; explicitFileType = wrapper.framework; includeInIndex = 0; path = DeCacheObjc.framework; sourceTree = BUILT_PRODUCTS_DIR; };
		34E0EA2F26CA279300B5902B /* DeCacheObjc.h */ = {isa = PBXFileReference; lastKnownFileType = sourcecode.c.h; path = DeCacheObjc.h; sourceTree = "<group>"; };
		34E0EA3026CA279300B5902B /* Info.plist */ = {isa = PBXFileReference; lastKnownFileType = text.plist.xml; path = Info.plist; sourceTree = "<group>"; };
		34E0EA3526CA279300B5902B /* DeCacheObjcTests.xctest */ = {isa = PBXFileReference; explicitFileType = wrapper.cfbundle; includeInIndex = 0; path = DeCacheObjcTests.xctest; sourceTree = BUILT_PRODUCTS_DIR; };
		34E0EA3A26CA279300B5902B /* DeCacheObjcTests.m */ = {isa = PBXFileReference; lastKnownFileType = sourcecode.c.objc; path = DeCacheObjcTests.m; sourceTree = "<group>"; };
		34E0EA3C26CA279300B5902B /* Info.plist */ = {isa = PBXFileReference; lastKnownFileType = text.plist.xml; path = Info.plist; sourceTree = "<group>"; };
		34E0EA4826CA27FB00B5902B /* DeCache.h */ = {isa = PBXFileReference; lastKnownFileType = sourcecode.c.h; path = DeCache.h; sourceTree = "<group>"; };
		34E0EA4926CA27FB00B5902B /* DeCache.m */ = {isa = PBXFileReference; lastKnownFileType = sourcecode.c.objc; path = DeCache.m; sourceTree = "<group>"; };
		34E0EA4E26CA281E00B5902B /* Store.h */ = {isa = PBXFileReference; lastKnownFileType = sourcecode.c.h; path = Store.h; sourceTree = "<group>"; };
		34E0EA5426CA29A900B5902B /* LocalStore.h */ = {isa = PBXFileReference; lastKnownFileType = sourcecode.c.h; path = LocalStore.h; sourceTree = "<group>"; };
		34E0EA5526CA29A900B5902B /* LocalStore.m */ = {isa = PBXFileReference; lastKnownFileType = sourcecode.c.objc; path = LocalStore.m; sourceTree = "<group>"; };
/* End PBXFileReference section */

/* Begin PBXFrameworksBuildPhase section */
		34E0EA2926CA279300B5902B /* Frameworks */ = {
			isa = PBXFrameworksBuildPhase;
			buildActionMask = 2147483647;
			files = (
			);
			runOnlyForDeploymentPostprocessing = 0;
		};
		34E0EA3226CA279300B5902B /* Frameworks */ = {
			isa = PBXFrameworksBuildPhase;
			buildActionMask = 2147483647;
			files = (
				34E0EA3626CA279300B5902B /* DeCacheObjc.framework in Frameworks */,
			);
			runOnlyForDeploymentPostprocessing = 0;
		};
/* End PBXFrameworksBuildPhase section */

/* Begin PBXGroup section */
		34E0EA2226CA279300B5902B = {
			isa = PBXGroup;
			children = (
				34E0EA2E26CA279300B5902B /* DeCacheObjc */,
				34E0EA3926CA279300B5902B /* DeCacheObjcTests */,
				34E0EA2D26CA279300B5902B /* Products */,
			);
			sourceTree = "<group>";
		};
		34E0EA2D26CA279300B5902B /* Products */ = {
			isa = PBXGroup;
			children = (
				34E0EA2C26CA279300B5902B /* DeCacheObjc.framework */,
				34E0EA3526CA279300B5902B /* DeCacheObjcTests.xctest */,
			);
			name = Products;
			sourceTree = "<group>";
		};
		34E0EA2E26CA279300B5902B /* DeCacheObjc */ = {
			isa = PBXGroup;
			children = (
				34E0EA2F26CA279300B5902B /* DeCacheObjc.h */,
				34E0EA3026CA279300B5902B /* Info.plist */,
				34E0EA4826CA27FB00B5902B /* DeCache.h */,
				34E0EA4926CA27FB00B5902B /* DeCache.m */,
				34E0EA4E26CA281E00B5902B /* Store.h */,
				34E0EA5426CA29A900B5902B /* LocalStore.h */,
				34E0EA5526CA29A900B5902B /* LocalStore.m */,
			);
			path = DeCacheObjc;
			sourceTree = "<group>";
		};
		34E0EA3926CA279300B5902B /* DeCacheObjcTests */ = {
			isa = PBXGroup;
			children = (
				34E0EA3A26CA279300B5902B /* DeCacheObjcTests.m */,
				34E0EA3C26CA279300B5902B /* Info.plist */,
			);
			path = DeCacheObjcTests;
			sourceTree = "<group>";
		};
/* End PBXGroup section */

/* Begin PBXHeadersBuildPhase section */
		34E0EA2726CA279300B5902B /* Headers */ = {
			isa = PBXHeadersBuildPhase;
			buildActionMask = 2147483647;
			files = (
				34E0EA4F26CA281E00B5902B /* Store.h in Headers */,
				34E0EA4A26CA27FB00B5902B /* DeCache.h in Headers */,
				34E0EA5626CA29A900B5902B /* LocalStore.h in Headers */,
				34E0EA3D26CA279300B5902B /* DeCacheObjc.h in Headers */,
			);
			runOnlyForDeploymentPostprocessing = 0;
		};
/* End PBXHeadersBuildPhase section */

/* Begin PBXNativeTarget section */
		34E0EA2B26CA279300B5902B /* DeCacheObjc */ = {
			isa = PBXNativeTarget;
			buildConfigurationList = 34E0EA4026CA279300B5902B /* Build configuration list for PBXNativeTarget "DeCacheObjc" */;
			buildPhases = (
				34E0EA2726CA279300B5902B /* Headers */,
				34E0EA2826CA279300B5902B /* Sources */,
				34E0EA2926CA279300B5902B /* Frameworks */,
				34E0EA2A26CA279300B5902B /* Resources */,
			);
			buildRules = (
			);
			dependencies = (
			);
			name = DeCacheObjc;
			productName = DeCacheObjc;
			productReference = 34E0EA2C26CA279300B5902B /* DeCacheObjc.framework */;
			productType = "com.apple.product-type.framework";
		};
		34E0EA3426CA279300B5902B /* DeCacheObjcTests */ = {
			isa = PBXNativeTarget;
			buildConfigurationList = 34E0EA4326CA279300B5902B /* Build configuration list for PBXNativeTarget "DeCacheObjcTests" */;
			buildPhases = (
				34E0EA3126CA279300B5902B /* Sources */,
				34E0EA3226CA279300B5902B /* Frameworks */,
				34E0EA3326CA279300B5902B /* Resources */,
			);
			buildRules = (
			);
			dependencies = (
				34E0EA3826CA279300B5902B /* PBXTargetDependency */,
			);
			name = DeCacheObjcTests;
			productName = DeCacheObjcTests;
			productReference = 34E0EA3526CA279300B5902B /* DeCacheObjcTests.xctest */;
			productType = "com.apple.product-type.bundle.unit-test";
		};
/* End PBXNativeTarget section */

/* Begin PBXProject section */
		34E0EA2326CA279300B5902B /* Project object */ = {
			isa = PBXProject;
			attributes = {
				LastUpgradeCheck = 1230;
				TargetAttributes = {
					34E0EA2B26CA279300B5902B = {
						CreatedOnToolsVersion = 12.3;
					};
					34E0EA3426CA279300B5902B = {
						CreatedOnToolsVersion = 12.3;
					};
				};
			};
			buildConfigurationList = 34E0EA2626CA279300B5902B /* Build configuration list for PBXProject "DeCacheObjc" */;
			compatibilityVersion = "Xcode 9.3";
			developmentRegion = en;
			hasScannedForEncodings = 0;
			knownRegions = (
				en,
				Base,
			);
			mainGroup = 34E0EA2226CA279300B5902B;
			productRefGroup = 34E0EA2D26CA279300B5902B /* Products */;
			projectDirPath = "";
			projectRoot = "";
			targets = (
				34E0EA2B26CA279300B5902B /* DeCacheObjc */,
				34E0EA3426CA279300B5902B /* DeCacheObjcTests */,
			);
		};
/* End PBXProject section */

/* Begin PBXResourcesBuildPhase section */
		34E0EA2A26CA279300B5902B /* Resources */ = {
			isa = PBXResourcesBuildPhase;
			buildActionMask = 2147483647;
			files = (
			);
			runOnlyForDeploymentPostprocessing = 0;
		};
		34E0EA3326CA279300B5902B /* Resources */ = {
			isa = PBXResourcesBuildPhase;
			buildActionMask = 2147483647;
			files = (
			);
			runOnlyForDeploymentPostprocessing = 0;
		};
/* End PBXResourcesBuildPhase section */

/* Begin PBXSourcesBuildPhase section */
		34E0EA2826CA279300B5902B /* Sources */ = {
			isa = PBXSourcesBuildPhase;
			buildActionMask = 2147483647;
			files = (
				34E0EA4B26CA27FB00B5902B /* DeCache.m in Sources */,
				34E0EA5726CA29A900B5902B /* LocalStore.m in Sources */,
			);
			runOnlyForDeploymentPostprocessing = 0;
		};
		34E0EA3126CA279300B5902B /* Sources */ = {
			isa = PBXSourcesBuildPhase;
			buildActionMask = 2147483647;
			files = (
				34E0EA3B26CA279300B5902B /* DeCacheObjcTests.m in Sources */,
			);
			runOnlyForDeploymentPostprocessing = 0;
		};
/* End PBXSourcesBuildPhase section */

/* Begin PBXTargetDependency section */
		34E0EA3826CA279300B5902B /* PBXTargetDependency */ = {
			isa = PBXTargetDependency;
			target = 34E0EA2B26CA279300B5902B /* DeCacheObjc */;
			targetProxy = 34E0EA3726CA279300B5902B /* PBXContainerItemProxy */;
		};
/* End PBXTargetDependency section */

/* Begin XCBuildConfiguration section */
		34E0EA3E26CA279300B5902B /* Debug */ = {
			isa = XCBuildConfiguration;
			buildSettings = {
				ALWAYS_SEARCH_USER_PATHS = NO;
				CLANG_ANALYZER_NONNULL = YES;
				CLANG_ANALYZER_NUMBER_OBJECT_CONVERSION = YES_AGGRESSIVE;
				CLANG_CXX_LANGUAGE_STANDARD = "gnu++14";
				CLANG_CXX_LIBRARY = "libc++";
				CLANG_ENABLE_MODULES = YES;
				CLANG_ENABLE_OBJC_ARC = YES;
				CLANG_ENABLE_OBJC_WEAK = YES;
				CLANG_WARN_BLOCK_CAPTURE_AUTORELEASING = YES;
				CLANG_WARN_BOOL_CONVERSION = YES;
				CLANG_WARN_COMMA = YES;
				CLANG_WARN_CONSTANT_CONVERSION = YES;
				CLANG_WARN_DEPRECATED_OBJC_IMPLEMENTATIONS = YES;
				CLANG_WARN_DIRECT_OBJC_ISA_USAGE = YES_ERROR;
				CLANG_WARN_DOCUMENTATION_COMMENTS = YES;
				CLANG_WARN_EMPTY_BODY = YES;
				CLANG_WARN_ENUM_CONVERSION = YES;
				CLANG_WARN_INFINITE_RECURSION = YES;
				CLANG_WARN_INT_CONVERSION = YES;
				CLANG_WARN_NON_LITERAL_NULL_CONVERSION = YES;
				CLANG_WARN_OBJC_IMPLICIT_RETAIN_SELF = YES;
				CLANG_WARN_OBJC_LITERAL_CONVERSION = YES;
				CLANG_WARN_OBJC_ROOT_CLASS = YES_ERROR;
				CLANG_WARN_QUOTED_INCLUDE_IN_FRAMEWORK_HEADER = YES;
				CLANG_WARN_RANGE_LOOP_ANALYSIS = YES;
				CLANG_WARN_STRICT_PROTOTYPES = YES;
				CLANG_WARN_SUSPICIOUS_MOVE = YES;
				CLANG_WARN_UNGUARDED_AVAILABILITY = YES_AGGRESSIVE;
				CLANG_WARN_UNREACHABLE_CODE = YES;
				CLANG_WARN__DUPLICATE_METHOD_MATCH = YES;
				COPY_PHASE_STRIP = NO;
				CURRENT_PROJECT_VERSION = 1;
				DEBUG_INFORMATION_FORMAT = dwarf;
				ENABLE_STRICT_OBJC_MSGSEND = YES;
				ENABLE_TESTABILITY = YES;
				GCC_C_LANGUAGE_STANDARD = gnu11;
				GCC_DYNAMIC_NO_PIC = NO;
				GCC_NO_COMMON_BLOCKS = YES;
				GCC_OPTIMIZATION_LEVEL = 0;
				GCC_PREPROCESSOR_DEFINITIONS = (
					"DEBUG=1",
					"$(inherited)",
				);
				GCC_WARN_64_TO_32_BIT_CONVERSION = YES;
				GCC_WARN_ABOUT_RETURN_TYPE = YES_ERROR;
				GCC_WARN_UNDECLARED_SELECTOR = YES;
				GCC_WARN_UNINITIALIZED_AUTOS = YES_AGGRESSIVE;
				GCC_WARN_UNUSED_FUNCTION = YES;
				GCC_WARN_UNUSED_VARIABLE = YES;
				IPHONEOS_DEPLOYMENT_TARGET = 14.3;
				MTL_ENABLE_DEBUG_INFO = INCLUDE_SOURCE;
				MTL_FAST_MATH = YES;
				ONLY_ACTIVE_ARCH = YES;
				SDKROOT = iphoneos;
				VERSIONING_SYSTEM = "apple-generic";
				VERSION_INFO_PREFIX = "";
			};
			name = Debug;
		};
		34E0EA3F26CA279300B5902B /* Release */ = {
			isa = XCBuildConfiguration;
			buildSettings = {
				ALWAYS_SEARCH_USER_PATHS = NO;
				CLANG_ANALYZER_NONNULL = YES;
				CLANG_ANALYZER_NUMBER_OBJECT_CONVERSION = YES_AGGRESSIVE;
				CLANG_CXX_LANGUAGE_STANDARD = "gnu++14";
				CLANG_CXX_LIBRARY = "libc++";
				CLANG_ENABLE_MODULES = YES;
				CLANG_ENABLE_OBJC_ARC = YES;
				CLANG_ENABLE_OBJC_WEAK = YES;
				CLANG_WARN_BLOCK_CAPTURE_AUTORELEASING = YES;
				CLANG_WARN_BOOL_CONVERSION = YES;
				CLANG_WARN_COMMA = YES;
				CLANG_WARN_CONSTANT_CONVERSION = YES;
				CLANG_WARN_DEPRECATED_OBJC_IMPLEMENTATIONS = YES;
				CLANG_WARN_DIRECT_OBJC_ISA_USAGE = YES_ERROR;
				CLANG_WARN_DOCUMENTATION_COMMENTS = YES;
				CLANG_WARN_EMPTY_BODY = YES;
				CLANG_WARN_ENUM_CONVERSION = YES;
				CLANG_WARN_INFINITE_RECURSION = YES;
				CLANG_WARN_INT_CONVERSION = YES;
				CLANG_WARN_NON_LITERAL_NULL_CONVERSION = YES;
				CLANG_WARN_OBJC_IMPLICIT_RETAIN_SELF = YES;
				CLANG_WARN_OBJC_LITERAL_CONVERSION = YES;
				CLANG_WARN_OBJC_ROOT_CLASS = YES_ERROR;
				CLANG_WARN_QUOTED_INCLUDE_IN_FRAMEWORK_HEADER = YES;
				CLANG_WARN_RANGE_LOOP_ANALYSIS = YES;
				CLANG_WARN_STRICT_PROTOTYPES = YES;
				CLANG_WARN_SUSPICIOUS_MOVE = YES;
				CLANG_WARN_UNGUARDED_AVAILABILITY = YES_AGGRESSIVE;
				CLANG_WARN_UNREACHABLE_CODE = YES;
				CLANG_WARN__DUPLICATE_METHOD_MATCH = YES;
				COPY_PHASE_STRIP = NO;
				CURRENT_PROJECT_VERSION = 1;
				DEBUG_INFORMATION_FORMAT = "dwarf-with-dsym";
				ENABLE_NS_ASSERTIONS = NO;
				ENABLE_STRICT_OBJC_MSGSEND = YES;
				GCC_C_LANGUAGE_STANDARD = gnu11;
				GCC_NO_COMMON_BLOCKS = YES;
				GCC_WARN_64_TO_32_BIT_CONVERSION = YES;
				GCC_WARN_ABOUT_RETURN_TYPE = YES_ERROR;
				GCC_WARN_UNDECLARED_SELECTOR = YES;
				GCC_WARN_UNINITIALIZED_AUTOS = YES_AGGRESSIVE;
				GCC_WARN_UNUSED_FUNCTION = YES;
				GCC_WARN_UNUSED_VARIABLE = YES;
				IPHONEOS_DEPLOYMENT_TARGET = 14.3;
				MTL_ENABLE_DEBUG_INFO = NO;
				MTL_FAST_MATH = YES;
				SDKROOT = iphoneos;
				VALIDATE_PRODUCT = YES;
				VERSIONING_SYSTEM = "apple-generic";
				VERSION_INFO_PREFIX = "";
			};
			name = Release;
		};
		34E0EA4126CA279300B5902B /* Debug */ = {
			isa = XCBuildConfiguration;
			buildSettings = {
				ALWAYS_EMBED_SWIFT_STANDARD_LIBRARIES = YES;
				BUILD_LIBRARY_FOR_DISTRIBUTION = YES;
				CODE_SIGN_STYLE = Automatic;
				DEFINES_MODULE = YES;
				DEVELOPMENT_TEAM = A8SA62ZA26;
				DYLIB_COMPATIBILITY_VERSION = 1;
				DYLIB_CURRENT_VERSION = 1;
				DYLIB_INSTALL_NAME_BASE = "@rpath";
				INFOPLIST_FILE = DeCacheObjc/Info.plist;
				INSTALL_PATH = "$(LOCAL_LIBRARY_DIR)/Frameworks";
				LD_RUNPATH_SEARCH_PATHS = (
					"$(inherited)",
					"@executable_path/Frameworks",
					"@loader_path/Frameworks",
				);
				PRODUCT_BUNDLE_IDENTIFIER = com.davidemi.DeCacheObjc;
				PRODUCT_NAME = "$(TARGET_NAME:c99extidentifier)";
				SKIP_INSTALL = YES;
				SUPPORTS_MACCATALYST = NO;
				TARGETED_DEVICE_FAMILY = "1,2";
			};
			name = Debug;
		};
		34E0EA4226CA279300B5902B /* Release */ = {
			isa = XCBuildConfiguration;
			buildSettings = {
				ALWAYS_EMBED_SWIFT_STANDARD_LIBRARIES = YES;
				BUILD_LIBRARY_FOR_DISTRIBUTION = YES;
				CODE_SIGN_STYLE = Automatic;
				DEFINES_MODULE = YES;
				DEVELOPMENT_TEAM = A8SA62ZA26;
				DYLIB_COMPATIBILITY_VERSION = 1;
				DYLIB_CURRENT_VERSION = 1;
				DYLIB_INSTALL_NAME_BASE = "@rpath";
				INFOPLIST_FILE = DeCacheObjc/Info.plist;
				INSTALL_PATH = "$(LOCAL_LIBRARY_DIR)/Frameworks";
				LD_RUNPATH_SEARCH_PATHS = (
					"$(inherited)",
					"@executable_path/Frameworks",
					"@loader_path/Frameworks",
				);
				PRODUCT_BUNDLE_IDENTIFIER = com.davidemi.DeCacheObjc;
				PRODUCT_NAME = "$(TARGET_NAME:c99extidentifier)";
				SKIP_INSTALL = YES;
				SUPPORTS_MACCATALYST = NO;
				TARGETED_DEVICE_FAMILY = "1,2";
			};
			name = Release;
		};
		34E0EA4426CA279300B5902B /* Debug */ = {
			isa = XCBuildConfiguration;
			buildSettings = {
				CODE_SIGN_STYLE = Automatic;
				DEVELOPMENT_TEAM = A8SA62ZA26;
				INFOPLIST_FILE = DeCacheObjcTests/Info.plist;
				LD_RUNPATH_SEARCH_PATHS = (
					"$(inherited)",
					"@executable_path/Frameworks",
					"@loader_path/Frameworks",
				);
				PRODUCT_BUNDLE_IDENTIFIER = com.davidemi.DeCacheObjcTests;
				PRODUCT_NAME = "$(TARGET_NAME)";
				TARGETED_DEVICE_FAMILY = "1,2";
			};
			name = Debug;
		};
		34E0EA4526CA279300B5902B /* Release */ = {
			isa = XCBuildConfiguration;
			buildSettings = {
				CODE_SIGN_STYLE = Automatic;
				DEVELOPMENT_TEAM = A8SA62ZA26;
				INFOPLIST_FILE = DeCacheObjcTests/Info.plist;
				LD_RUNPATH_SEARCH_PATHS = (
					"$(inherited)",
					"@executable_path/Frameworks",
					"@loader_path/Frameworks",
				);
				PRODUCT_BUNDLE_IDENTIFIER = com.davidemi.DeCacheObjcTests;
				PRODUCT_NAME = "$(TARGET_NAME)";
				TARGETED_DEVICE_FAMILY = "1,2";
			};
			name = Release;
		};
/* End XCBuildConfiguration section */

/* Begin XCConfigurationList section */
		34E0EA2626CA279300B5902B /* Build configuration list for PBXProject "DeCacheObjc" */ = {
			isa = XCConfigurationList;
			buildConfigurations = (
				34E0EA3E26CA279300B5902B /* Debug */,
				34E0EA3F26CA279300B5902B /* Release */,
			);
			defaultConfigurationIsVisible = 0;
			defaultConfigurationName = Release;
		};
		34E0EA4026CA279300B5902B /* Build configuration list for PBXNativeTarget "DeCacheObjc" */ = {
			isa = XCConfigurationList;
			buildConfigurations = (
				34E0EA4126CA279300B5902B /* Debug */,
				34E0EA4226CA279300B5902B /* Release */,
			);
			defaultConfigurationIsVisible = 0;
			defaultConfigurationName = Release;
		};
		34E0EA4326CA279300B5902B /* Build configuration list for PBXNativeTarget "DeCacheObjcTests" */ = {
			isa = XCConfigurationList;
			buildConfigurations = (
				34E0EA4426CA279300B5902B /* Debug */,
				34E0EA4526CA279300B5902B /* Release */,
			);
			defaultConfigurationIsVisible = 0;
			defaultConfigurationName = Release;
		};
/* End XCConfigurationList section */
	};
	rootObject = 34E0EA2326CA279300B5902B /* Project object */;
}
